
Microsoft Visual Studio Solution File, Format Version 12.00
# Visual Studio Version 16
VisualStudioVersion = 16.0.33027.164
MinimumVisualStudioVersion = 10.0.40219.1
Project("{FAE04EC0-301F-11D3-BF4B-00C04F79EFBC}") = "ABB.DesignPatterns.ConsoleApp", "ABB.DesignPatterns.ConsoleApp\ABB.DesignPatterns.ConsoleApp.csproj", "{4E5EB073-F7ED-49C7-AACC-69B950B6A285}"
EndProject
Project("{FAE04EC0-301F-11D3-BF4B-00C04F79EFBC}") = "WpfApp1", "WpfApp1\WpfApp1.csproj", "{A3708BA7-837A-4B11-9469-FCE2B7BB1CCB}"
EndProject
Global
	GlobalSection(SolutionConfigurationPlatforms) = preSolution
		Debug|Any CPU = Debug|Any CPU
		Release|Any CPU = Release|Any CPU
	EndGlobalSection
	GlobalSection(ProjectConfigurationPlatforms) = postSolution
		{4E5EB073-F7ED-49C7-AACC-69B950B6A285}.Debug|Any CPU.ActiveCfg = Debug|Any CPU
		{4E5EB073-F7ED-49C7-AACC-69B950B6A285}.Debug|Any CPU.Build.0 = Debug|Any CPU
		{4E5EB073-F7ED-49C7-AACC-69B950B6A285}.Release|Any CPU.ActiveCfg = Release|Any CPU
		{4E5EB073-F7ED-49C7-AACC-69B950B6A285}.Release|Any CPU.Build.0 = Release|Any CPU
		{A3708BA7-837A-4B11-9469-FCE2B7BB1CCB}.Debug|Any CPU.ActiveCfg = Debug|Any CPU
		{A3708BA7-837A-4B11-9469-FCE2B7BB1CCB}.Debug|Any CPU.Build.0 = Debug|Any CPU
		{A3708BA7-837A-4B11-9469-FCE2B7BB1CCB}.Release|Any CPU.ActiveCfg = Release|Any CPU
		{A3708BA7-837A-4B11-9469-FCE2B7BB1CCB}.Release|Any CPU.Build.0 = Release|Any CPU
	EndGlobalSection
	GlobalSection(SolutionProperties) = preSolution
		HideSolutionNode = FALSE
	EndGlobalSection
	GlobalSection(ExtensibilityGlobals) = postSolution
		SolutionGuid = {1D7F1634-B938-4C39-9A9B-9C9FA0AAC846}
	EndGlobalSection
EndGlobal
